
Microsoft Visual Studio Solution File, Format Version 12.00
# Visual Studio Version 17
VisualStudioVersion = 17.6.33829.357
MinimumVisualStudioVersion = 10.0.40219.1
Project("{FAE04EC0-301F-11D3-BF4B-00C04F79EFBC}") = "H3_Tests - Application", "H3_Tests - Application\H3_Tests - Application.csproj", "{A6D9C8FE-8D22-4ECD-8B73-93A756F69406}"
EndProject
Project("{FAE04EC0-301F-11D3-BF4B-00C04F79EFBC}") = "H3_Tests - Test Project", "H3_Tests - Test Project\H3_Tests - Test Project.csproj", "{0000C814-AC82-423E-8330-3DBC2C8F6369}"
EndProject
Global
	GlobalSection(SolutionConfigurationPlatforms) = preSolution
		Debug|Any CPU = Debug|Any CPU
		Release|Any CPU = Release|Any CPU
	EndGlobalSection
	GlobalSection(ProjectConfigurationPlatforms) = postSolution
		{A6D9C8FE-8D22-4ECD-8B73-93A756F69406}.Debug|Any CPU.ActiveCfg = Debug|Any CPU
		{A6D9C8FE-8D22-4ECD-8B73-93A756F69406}.Debug|Any CPU.Build.0 = Debug|Any CPU
		{A6D9C8FE-8D22-4ECD-8B73-93A756F69406}.Release|Any CPU.ActiveCfg = Release|Any CPU
		{A6D9C8FE-8D22-4ECD-8B73-93A756F69406}.Release|Any CPU.Build.0 = Release|Any CPU
		{0000C814-AC82-423E-8330-3DBC2C8F6369}.Debug|Any CPU.ActiveCfg = Debug|Any CPU
		{0000C814-AC82-423E-8330-3DBC2C8F6369}.Debug|Any CPU.Build.0 = Debug|Any CPU
		{0000C814-AC82-423E-8330-3DBC2C8F6369}.Release|Any CPU.ActiveCfg = Release|Any CPU
		{0000C814-AC82-423E-8330-3DBC2C8F6369}.Release|Any CPU.Build.0 = Release|Any CPU
	EndGlobalSection
	GlobalSection(SolutionProperties) = preSolution
		HideSolutionNode = FALSE
	EndGlobalSection
	GlobalSection(ExtensibilityGlobals) = postSolution
		SolutionGuid = {523EACBF-3474-47F7-9CE4-E8F59FD2E19D}
	EndGlobalSection
EndGlobal
